
Microsoft Visual Studio Solution File, Format Version 12.00
# Visual Studio Version 17
VisualStudioVersion = 17.1.32210.238
MinimumVisualStudioVersion = 10.0.40219.1
Project("{FAE04EC0-301F-11D3-BF4B-00C04F79EFBC}") = "BindingBeispiel", "BindingBeispiel.csproj", "{27282A63-9EE5-4266-AA98-E02AF453EBAF}"
EndProject
Global
	GlobalSection(SolutionConfigurationPlatforms) = preSolution
		Debug|Any CPU = Debug|Any CPU
		Release|Any CPU = Release|Any CPU
	EndGlobalSection
	GlobalSection(ProjectConfigurationPlatforms) = postSolution
		{27282A63-9EE5-4266-AA98-E02AF453EBAF}.Debug|Any CPU.ActiveCfg = Debug|Any CPU
		{27282A63-9EE5-4266-AA98-E02AF453EBAF}.Debug|Any CPU.Build.0 = Debug|Any CPU
		{27282A63-9EE5-4266-AA98-E02AF453EBAF}.Release|Any CPU.ActiveCfg = Release|Any CPU
		{27282A63-9EE5-4266-AA98-E02AF453EBAF}.Release|Any CPU.Build.0 = Release|Any CPU
	EndGlobalSection
	GlobalSection(SolutionProperties) = preSolution
		HideSolutionNode = FALSE
	EndGlobalSection
	GlobalSection(ExtensibilityGlobals) = postSolution
		SolutionGuid = {689AD73F-6F92-42C4-9C95-3D0B6FFEE469}
	EndGlobalSection
EndGlobal
